
Microsoft Visual Studio Solution File, Format Version 12.00
# Visual Studio 15
VisualStudioVersion = 15.0.27428.2015
MinimumVisualStudioVersion = 10.0.40219.1
Project("{FAE04EC0-301F-11D3-BF4B-00C04F79EFBC}") = "DogBreedsApp", "DogBreedsApp\DogBreedsApp.csproj", "{7B429496-40E6-4246-95C7-6DD0A5AE56F4}"
EndProject
Global
	GlobalSection(SolutionConfigurationPlatforms) = preSolution
		Debug|Any CPU = Debug|Any CPU
		Release|Any CPU = Release|Any CPU
	EndGlobalSection
	GlobalSection(ProjectConfigurationPlatforms) = postSolution
		{7B429496-40E6-4246-95C7-6DD0A5AE56F4}.Debug|Any CPU.ActiveCfg = Debug|Any CPU
		{7B429496-40E6-4246-95C7-6DD0A5AE56F4}.Debug|Any CPU.Build.0 = Debug|Any CPU
		{7B429496-40E6-4246-95C7-6DD0A5AE56F4}.Release|Any CPU.ActiveCfg = Release|Any CPU
		{7B429496-40E6-4246-95C7-6DD0A5AE56F4}.Release|Any CPU.Build.0 = Release|Any CPU
	EndGlobalSection
	GlobalSection(SolutionProperties) = preSolution
		HideSolutionNode = FALSE
	EndGlobalSection
	GlobalSection(ExtensibilityGlobals) = postSolution
		SolutionGuid = {DBAA97E9-0E58-4C73-801F-39BA4A5BB152}
	EndGlobalSection
EndGlobal
